
Microsoft Visual Studio Solution File, Format Version 12.00
# Visual Studio Version 17
VisualStudioVersion = 17.0.31903.59
MinimumVisualStudioVersion = 10.0.40219.1
Project("{FAE04EC0-301F-11D3-BF4B-00C04F79EFBC}") = "UserMgmtApi", "UserMgmtApi\UserMgmtApi.csproj", "{54C547C4-6045-4113-A846-DFFD289B77D6}"
EndProject
Global
	GlobalSection(SolutionConfigurationPlatforms) = preSolution
		Debug|Any CPU = Debug|Any CPU
		Release|Any CPU = Release|Any CPU
	EndGlobalSection
	GlobalSection(SolutionProperties) = preSolution
		HideSolutionNode = FALSE
	EndGlobalSection
	GlobalSection(ProjectConfigurationPlatforms) = postSolution
		{54C547C4-6045-4113-A846-DFFD289B77D6}.Debug|Any CPU.ActiveCfg = Debug|Any CPU
		{54C547C4-6045-4113-A846-DFFD289B77D6}.Debug|Any CPU.Build.0 = Debug|Any CPU
		{54C547C4-6045-4113-A846-DFFD289B77D6}.Release|Any CPU.ActiveCfg = Release|Any CPU
		{54C547C4-6045-4113-A846-DFFD289B77D6}.Release|Any CPU.Build.0 = Release|Any CPU
	EndGlobalSection
EndGlobal
